// !$*UTF8*$!
{
	archiveVersion = 1;
	classes = {
	};
	objectVersion = 46;
	objects = {

/* Begin PBXAggregateTarget section */
		1BEFF2C9200C45FE8FA2286D /* ZERO_CHECK */ = {
			isa = PBXAggregateTarget;
			buildConfigurationList = 045B491FBD684888BC7AEDF2 /* Build configuration list for PBXAggregateTarget "ZERO_CHECK" */;
			buildPhases = (
				F0F562EC91F947E0B5ECD0BD /* CMake Rules */,
			);
			dependencies = (
			);
			name = ZERO_CHECK;
			productName = ZERO_CHECK;
		};
		3F52524027B74CA092B5C6BC /* ALL_BUILD */ = {
			isa = PBXAggregateTarget;
			buildConfigurationList = E1354E3CC4E64AE6AA88852F /* Build configuration list for PBXAggregateTarget "ALL_BUILD" */;
			buildPhases = (
				0C8CA4DF23164750AA05D3B4 /* CMake Rules */,
			);
			dependencies = (
				42878350FCD74D59894F89FE /* PBXTargetDependency */,
				A03AA27A9FFC488EAA110F03 /* PBXTargetDependency */,
			);
			name = ALL_BUILD;
			productName = ALL_BUILD;
		};
/* End PBXAggregateTarget section */

/* Begin PBXBuildFile section */
		1A53D485D4ED46EB9240B60B /* /Users/trangle/Dropbox/2018/Udacity/CarND-Unscented-Kalman-Filter-Project/src/ukf.cpp */ = {isa = PBXBuildFile; fileRef = 36CCE4CE29D5487BA571D1A0 /* /Users/trangle/Dropbox/2018/Udacity/CarND-Unscented-Kalman-Filter-Project/src/ukf.cpp */; };
		1E9FF7464C91446CA2769442 /* /Users/trangle/Dropbox/2018/Udacity/CarND-Unscented-Kalman-Filter-Project/src/main.cpp */ = {isa = PBXBuildFile; fileRef = 8E0D9BA269DA4D46AF44BA84 /* /Users/trangle/Dropbox/2018/Udacity/CarND-Unscented-Kalman-Filter-Project/src/main.cpp */; };
		7694E07095EF497C84DD9A4E /* /Users/trangle/Dropbox/2018/Udacity/CarND-Unscented-Kalman-Filter-Project/src/tools.cpp */ = {isa = PBXBuildFile; fileRef = 1E99DC6B933B4050B935D676 /* /Users/trangle/Dropbox/2018/Udacity/CarND-Unscented-Kalman-Filter-Project/src/tools.cpp */; };
		D8D5F67A43DC41F9B61087D7 /* /Users/trangle/Dropbox/2018/Udacity/CarND-Unscented-Kalman-Filter-Project/CMakeLists.txt */ = {isa = PBXBuildFile; fileRef = 01378B3DF48C496489A53A14 /* /Users/trangle/Dropbox/2018/Udacity/CarND-Unscented-Kalman-Filter-Project/CMakeLists.txt */; };
/* End PBXBuildFile section */

/* Begin PBXBuildStyle section */
		1CB214899B4E4432B555D841 /* Debug */ = {
			isa = PBXBuildStyle;
			buildSettings = {
				COPY_PHASE_STRIP = NO;
			};
			name = Debug;
		};
		5BD308F252DF4EC0B24B475D /* MinSizeRel */ = {
			isa = PBXBuildStyle;
			buildSettings = {
				COPY_PHASE_STRIP = NO;
			};
			name = MinSizeRel;
		};
		6FC74DA836484B73A62E3E29 /* Release */ = {
			isa = PBXBuildStyle;
			buildSettings = {
				COPY_PHASE_STRIP = NO;
			};
			name = Release;
		};
		6FFA67D281984DD090B8DCED /* RelWithDebInfo */ = {
			isa = PBXBuildStyle;
			buildSettings = {
				COPY_PHASE_STRIP = NO;
			};
			name = RelWithDebInfo;
		};
/* End PBXBuildStyle section */

/* Begin PBXContainerItemProxy section */
		8936D9F1EE8D4E0DB329453D /* PBXContainerItemProxy */ = {
			isa = PBXContainerItemProxy;
			containerPortal = FE112829613E4C16A6F8EEFC /* Project object */;
			proxyType = 1;
			remoteGlobalIDString = 1BEFF2C9200C45FE8FA2286D;
			remoteInfo = ZERO_CHECK;
		};
		895F279BE4B94E7998A54172 /* PBXContainerItemProxy */ = {
			isa = PBXContainerItemProxy;
			containerPortal = FE112829613E4C16A6F8EEFC /* Project object */;
			proxyType = 1;
			remoteGlobalIDString = 81B0710A0B9D4993AB10E51C;
			remoteInfo = UnscentedKF;
		};
		957D899AFF194442BDA31C30 /* PBXContainerItemProxy */ = {
			isa = PBXContainerItemProxy;
			containerPortal = FE112829613E4C16A6F8EEFC /* Project object */;
			proxyType = 1;
			remoteGlobalIDString = 1BEFF2C9200C45FE8FA2286D;
			remoteInfo = ZERO_CHECK;
		};
/* End PBXContainerItemProxy section */

/* Begin PBXFileReference section */
		01378B3DF48C496489A53A14 /* /Users/trangle/Dropbox/2018/Udacity/CarND-Unscented-Kalman-Filter-Project/CMakeLists.txt */ = {isa = PBXFileReference; explicitFileType = sourcecode.text; fileEncoding = 4; name = CMakeLists.txt; path = CMakeLists.txt; sourceTree = SOURCE_ROOT; };
		1E99DC6B933B4050B935D676 /* /Users/trangle/Dropbox/2018/Udacity/CarND-Unscented-Kalman-Filter-Project/src/tools.cpp */ = {isa = PBXFileReference; explicitFileType = sourcecode.cpp.cpp; fileEncoding = 4; name = tools.cpp; path = src/tools.cpp; sourceTree = SOURCE_ROOT; };
		36CCE4CE29D5487BA571D1A0 /* /Users/trangle/Dropbox/2018/Udacity/CarND-Unscented-Kalman-Filter-Project/src/ukf.cpp */ = {isa = PBXFileReference; explicitFileType = sourcecode.cpp.cpp; fileEncoding = 4; name = ukf.cpp; path = src/ukf.cpp; sourceTree = SOURCE_ROOT; };
		8E0D9BA269DA4D46AF44BA84 /* /Users/trangle/Dropbox/2018/Udacity/CarND-Unscented-Kalman-Filter-Project/src/main.cpp */ = {isa = PBXFileReference; explicitFileType = sourcecode.cpp.cpp; fileEncoding = 4; name = main.cpp; path = src/main.cpp; sourceTree = SOURCE_ROOT; };
		9D231AD67DE04BFCAA3EFF40 /* UnscentedKF */ = {isa = PBXFileReference; explicitFileType = "compiled.mach-o.executable"; path = UnscentedKF; sourceTree = BUILT_PRODUCTS_DIR; };
		CE5353B83BC541FFA1D66596 /* /Users/trangle/Dropbox/2018/Udacity/CarND-Unscented-Kalman-Filter-Project/CMakeLists.txt */ = {isa = PBXFileReference; explicitFileType = sourcecode.text; fileEncoding = 4; name = CMakeLists.txt; path = CMakeLists.txt; sourceTree = SOURCE_ROOT; };
/* End PBXFileReference section */

/* Begin PBXGroup section */
		06D2ED27B68D4FA58FE593F2 /* UnscentedKF */ = {
			isa = PBXGroup;
			children = (
				5952D017247048849B5934A4 /* Source Files */,
				01378B3DF48C496489A53A14 /* /Users/trangle/Dropbox/2018/Udacity/CarND-Unscented-Kalman-Filter-Project/CMakeLists.txt */,
			);
			name = UnscentedKF;
			sourceTree = "<group>";
		};
		5952D017247048849B5934A4 /* Source Files */ = {
			isa = PBXGroup;
			children = (
				8E0D9BA269DA4D46AF44BA84 /* /Users/trangle/Dropbox/2018/Udacity/CarND-Unscented-Kalman-Filter-Project/src/main.cpp */,
				1E99DC6B933B4050B935D676 /* /Users/trangle/Dropbox/2018/Udacity/CarND-Unscented-Kalman-Filter-Project/src/tools.cpp */,
				36CCE4CE29D5487BA571D1A0 /* /Users/trangle/Dropbox/2018/Udacity/CarND-Unscented-Kalman-Filter-Project/src/ukf.cpp */,
			);
			name = "Source Files";
			sourceTree = "<group>";
		};
		599CA94F73094A86AFE5C1DE /* CMake Rules */ = {
			isa = PBXGroup;
			children = (
			);
			name = "CMake Rules";
			sourceTree = "<group>";
		};
		8C0F3CF4F7D1478D84DF19EB /* Products */ = {
			isa = PBXGroup;
			children = (
				9D231AD67DE04BFCAA3EFF40 /* UnscentedKF */,
			);
			name = Products;
			sourceTree = "<group>";
		};
		AA1CC06564D4434CB2967FE1 /* ALL_BUILD */ = {
			isa = PBXGroup;
			children = (
				599CA94F73094A86AFE5C1DE /* CMake Rules */,
				CE5353B83BC541FFA1D66596 /* /Users/trangle/Dropbox/2018/Udacity/CarND-Unscented-Kalman-Filter-Project/CMakeLists.txt */,
			);
			name = ALL_BUILD;
			sourceTree = "<group>";
		};
		AE80E3E6EFDE4F2F839BEB89 = {
			isa = PBXGroup;
			children = (
				06D2ED27B68D4FA58FE593F2 /* UnscentedKF */,
				AA1CC06564D4434CB2967FE1 /* ALL_BUILD */,
				8C0F3CF4F7D1478D84DF19EB /* Products */,
			);
			sourceTree = "<group>";
		};
/* End PBXGroup section */

/* Begin PBXNativeTarget section */
		81B0710A0B9D4993AB10E51C /* UnscentedKF */ = {
			isa = PBXNativeTarget;
			buildConfigurationList = ECCA23400AA0475596DB2B9F /* Build configuration list for PBXNativeTarget "UnscentedKF" */;
			buildPhases = (
				1C0FC0316C3449959DE2F1E9 /* Sources */,
			);
			buildRules = (
			);
			dependencies = (
				818D76359EF34F64B11FDCF0 /* PBXTargetDependency */,
			);
			name = UnscentedKF;
			productName = UnscentedKF;
			productReference = 9D231AD67DE04BFCAA3EFF40 /* UnscentedKF */;
			productType = "com.apple.product-type.tool";
		};
/* End PBXNativeTarget section */

/* Begin PBXProject section */
		FE112829613E4C16A6F8EEFC /* Project object */ = {
			isa = PBXProject;
			attributes = {
				BuildIndependentTargetsInParallel = YES;
				LastUpgradeCheck = 0820;
			};
			buildConfigurationList = 4ECF2C9BA275411EAA025BFB /* Build configuration list for PBXProject "UnscentedKF" */;
			buildSettings = {
			};
			buildStyles = (
				1CB214899B4E4432B555D841 /* Debug */,
				6FC74DA836484B73A62E3E29 /* Release */,
				5BD308F252DF4EC0B24B475D /* MinSizeRel */,
				6FFA67D281984DD090B8DCED /* RelWithDebInfo */,
			);
			compatibilityVersion = "Xcode 3.2";
			hasScannedForEncodings = 0;
			mainGroup = AE80E3E6EFDE4F2F839BEB89;
			projectDirPath = ../../;
			projectRoot = "";
			targets = (
				3F52524027B74CA092B5C6BC /* ALL_BUILD */,
				81B0710A0B9D4993AB10E51C /* UnscentedKF */,
				1BEFF2C9200C45FE8FA2286D /* ZERO_CHECK */,
			);
		};
/* End PBXProject section */

/* Begin PBXShellScriptBuildPhase section */
		0C8CA4DF23164750AA05D3B4 /* CMake Rules */ = {
			isa = PBXShellScriptBuildPhase;
			buildActionMask = 2147483647;
			files = (
			);
			name = "CMake Rules";
			runOnlyForDeploymentPostprocessing = 0;
			shellPath = /bin/sh;
			shellScript = "make -C /Users/trangle/Dropbox/2018/Udacity/CarND-Unscented-Kalman-Filter-Project/ide_profiles/xcode -f /Users/trangle/Dropbox/2018/Udacity/CarND-Unscented-Kalman-Filter-Project/ide_profiles/xcode/CMakeScripts/ALL_BUILD_cmakeRulesBuildPhase.make$CONFIGURATION all";
			showEnvVarsInLog = 0;
		};
		1D5A5DE7125E451EA128444A = {
			isa = PBXShellScriptBuildPhase;
			buildActionMask = 2147483647;
			files = (
			);
			inputPaths = (
			);
			outputPaths = (
			);
			runOnlyForDeploymentPostprocessing = 0;
			shellPath = /bin/sh;
			shellScript = "# shell script goes here
exit 0";
			showEnvVarsInLog = 0;
		};
		8EFB229F9B9241A8A851904F = {
			isa = PBXShellScriptBuildPhase;
			buildActionMask = 2147483647;
			files = (
			);
			inputPaths = (
			);
			outputPaths = (
			);
			runOnlyForDeploymentPostprocessing = 0;
			shellPath = /bin/sh;
			shellScript = "# shell script goes here
exit 0";
			showEnvVarsInLog = 0;
		};
		F0F562EC91F947E0B5ECD0BD /* CMake Rules */ = {
			isa = PBXShellScriptBuildPhase;
			buildActionMask = 2147483647;
			files = (
			);
			name = "CMake Rules";
			runOnlyForDeploymentPostprocessing = 0;
			shellPath = /bin/sh;
			shellScript = "make -C /Users/trangle/Dropbox/2018/Udacity/CarND-Unscented-Kalman-Filter-Project/ide_profiles/xcode -f /Users/trangle/Dropbox/2018/Udacity/CarND-Unscented-Kalman-Filter-Project/ide_profiles/xcode/CMakeScripts/ZERO_CHECK_cmakeRulesBuildPhase.make$CONFIGURATION all";
			showEnvVarsInLog = 0;
		};
/* End PBXShellScriptBuildPhase section */

/* Begin PBXSourcesBuildPhase section */
		1C0FC0316C3449959DE2F1E9 /* Sources */ = {
			isa = PBXSourcesBuildPhase;
			buildActionMask = 2147483647;
			files = (
				1E9FF7464C91446CA2769442 /* /Users/trangle/Dropbox/2018/Udacity/CarND-Unscented-Kalman-Filter-Project/src/main.cpp */,
				7694E07095EF497C84DD9A4E /* /Users/trangle/Dropbox/2018/Udacity/CarND-Unscented-Kalman-Filter-Project/src/tools.cpp */,
				1A53D485D4ED46EB9240B60B /* /Users/trangle/Dropbox/2018/Udacity/CarND-Unscented-Kalman-Filter-Project/src/ukf.cpp */,
			);
			runOnlyForDeploymentPostprocessing = 0;
		};
/* End PBXSourcesBuildPhase section */

/* Begin PBXTargetDependency section */
		42878350FCD74D59894F89FE /* PBXTargetDependency */ = {
			isa = PBXTargetDependency;
			target = 1BEFF2C9200C45FE8FA2286D /* ZERO_CHECK */;
			targetProxy = 957D899AFF194442BDA31C30 /* PBXContainerItemProxy */;
		};
		818D76359EF34F64B11FDCF0 /* PBXTargetDependency */ = {
			isa = PBXTargetDependency;
			target = 1BEFF2C9200C45FE8FA2286D /* ZERO_CHECK */;
			targetProxy = 8936D9F1EE8D4E0DB329453D /* PBXContainerItemProxy */;
		};
		A03AA27A9FFC488EAA110F03 /* PBXTargetDependency */ = {
			isa = PBXTargetDependency;
			target = 81B0710A0B9D4993AB10E51C /* UnscentedKF */;
			targetProxy = 895F279BE4B94E7998A54172 /* PBXContainerItemProxy */;
		};
/* End PBXTargetDependency section */

/* Begin XCBuildConfiguration section */
		0721FCEA93A1414E82B0FEC6 /* RelWithDebInfo */ = {
			isa = XCBuildConfiguration;
			buildSettings = {
				COMBINE_HIDPI_IMAGES = YES;
				GCC_GENERATE_DEBUGGING_SYMBOLS = YES;
				GCC_INLINES_ARE_PRIVATE_EXTERN = NO;
				GCC_OPTIMIZATION_LEVEL = 0;
				GCC_PREPROCESSOR_DEFINITIONS = ("'CMAKE_INTDIR=\"$(CONFIGURATION)$(EFFECTIVE_PLATFORM_NAME)\"'");
				GCC_SYMBOLS_PRIVATE_EXTERN = NO;
				INSTALL_PATH = "";
				OTHER_LDFLAGS = " ";
				OTHER_REZFLAGS = "";
				PRODUCT_NAME = ZERO_CHECK;
				SECTORDER_FLAGS = "";
				SYMROOT = "/Users/trangle/Dropbox/2018/Udacity/CarND-Unscented-Kalman-Filter-Project/ide_profiles/xcode";
				USE_HEADERMAP = NO;
				WARNING_CFLAGS = ("-Wmost","-Wno-four-char-constants","-Wno-unknown-pragmas","$(inherited)");
			};
			name = RelWithDebInfo;
		};
		0A5DF674BE5C47B7AE5350DB /* Debug */ = {
			isa = XCBuildConfiguration;
			buildSettings = {
				COMBINE_HIDPI_IMAGES = YES;
				GCC_GENERATE_DEBUGGING_SYMBOLS = YES;
				GCC_INLINES_ARE_PRIVATE_EXTERN = NO;
				GCC_OPTIMIZATION_LEVEL = 0;
				GCC_PREPROCESSOR_DEFINITIONS = ("'CMAKE_INTDIR=\"$(CONFIGURATION)$(EFFECTIVE_PLATFORM_NAME)\"'");
				GCC_SYMBOLS_PRIVATE_EXTERN = NO;
				INSTALL_PATH = "";
				OTHER_LDFLAGS = " ";
				OTHER_REZFLAGS = "";
				PRODUCT_NAME = ALL_BUILD;
				SECTORDER_FLAGS = "";
				SYMROOT = "/Users/trangle/Dropbox/2018/Udacity/CarND-Unscented-Kalman-Filter-Project/ide_profiles/xcode";
				USE_HEADERMAP = NO;
				WARNING_CFLAGS = ("-Wmost","-Wno-four-char-constants","-Wno-unknown-pragmas","$(inherited)");
			};
			name = Debug;
		};
		1A34D5C9573D4BB299271095 /* MinSizeRel */ = {
			isa = XCBuildConfiguration;
			buildSettings = {
				COMBINE_HIDPI_IMAGES = YES;
				GCC_GENERATE_DEBUGGING_SYMBOLS = YES;
				GCC_INLINES_ARE_PRIVATE_EXTERN = NO;
				GCC_OPTIMIZATION_LEVEL = 0;
				GCC_PREPROCESSOR_DEFINITIONS = ("'CMAKE_INTDIR=\"$(CONFIGURATION)$(EFFECTIVE_PLATFORM_NAME)\"'");
				GCC_SYMBOLS_PRIVATE_EXTERN = NO;
				INSTALL_PATH = "";
				OTHER_LDFLAGS = " ";
				OTHER_REZFLAGS = "";
				PRODUCT_NAME = ALL_BUILD;
				SECTORDER_FLAGS = "";
				SYMROOT = "/Users/trangle/Dropbox/2018/Udacity/CarND-Unscented-Kalman-Filter-Project/ide_profiles/xcode";
				USE_HEADERMAP = NO;
				WARNING_CFLAGS = ("-Wmost","-Wno-four-char-constants","-Wno-unknown-pragmas","$(inherited)");
			};
			name = MinSizeRel;
		};
		29B9D14DD464409DB4747615 /* Debug */ = {
			isa = XCBuildConfiguration;
			buildSettings = {
				MACOSX_DEPLOYMENT_TARGET = 10.11;
				ONLY_ACTIVE_ARCH = YES;
				SDKROOT = /Users/trangle/Downloads/Xcode.app/Contents/Developer/Platforms/MacOSX.platform/Developer/SDKs/MacOSX10.12.sdk;
				SYMROOT = "/Users/trangle/Dropbox/2018/Udacity/CarND-Unscented-Kalman-Filter-Project/ide_profiles/xcode/build";
			};
			name = Debug;
		};
		34F34A7741C54F15B562FC52 /* Release */ = {
			isa = XCBuildConfiguration;
			buildSettings = {
				MACOSX_DEPLOYMENT_TARGET = 10.11;
				ONLY_ACTIVE_ARCH = YES;
				SDKROOT = /Users/trangle/Downloads/Xcode.app/Contents/Developer/Platforms/MacOSX.platform/Developer/SDKs/MacOSX10.12.sdk;
				SYMROOT = "/Users/trangle/Dropbox/2018/Udacity/CarND-Unscented-Kalman-Filter-Project/ide_profiles/xcode/build";
			};
			name = Release;
		};
		3543AE452F4047EAB15CEF2E /* Release */ = {
			isa = XCBuildConfiguration;
			buildSettings = {
				COMBINE_HIDPI_IMAGES = YES;
				EXECUTABLE_PREFIX = "";
				EXECUTABLE_SUFFIX = "";
				GCC_GENERATE_DEBUGGING_SYMBOLS = NO;
				GCC_INLINES_ARE_PRIVATE_EXTERN = NO;
				GCC_OPTIMIZATION_LEVEL = 3;
				GCC_PREPROCESSOR_DEFINITIONS = ("'CMAKE_INTDIR=\"$(CONFIGURATION)$(EFFECTIVE_PLATFORM_NAME)\"'");
				GCC_SYMBOLS_PRIVATE_EXTERN = NO;
				HEADER_SEARCH_PATHS = (/usr/local/include,/usr/local/opt/openssl/include);
				INSTALL_PATH = "";
				LD_RUNPATH_SEARCH_PATHS = "/usr/local/lib /usr/local/opt/openssl/lib /usr/local/Cellar/libuv/1*/lib";
				LIBRARY_SEARCH_PATHS = " /usr/local/lib/$(CONFIGURATION)$(EFFECTIVE_PLATFORM_NAME) /usr/local/lib /usr/local/opt/openssl/lib/$(CONFIGURATION)$(EFFECTIVE_PLATFORM_NAME) /usr/local/opt/openssl/lib /usr/local/Cellar/libuv/1*/lib/$(CONFIGURATION)$(EFFECTIVE_PLATFORM_NAME) /usr/local/Cellar/libuv/1*/lib";
				OTHER_CPLUSPLUSFLAGS = "-Wall     -DNDEBUG -I/usr/local/include -I/usr/local/opt/openssl/include    -std=c++11";
				OTHER_LDFLAGS = " -Wl,-search_paths_first -Wl,-headerpad_max_install_names  -lz -lssl -luv -luWS";
				OTHER_REZFLAGS = "";
				PRODUCT_NAME = UnscentedKF;
				SECTORDER_FLAGS = "";
				SYMROOT = "/Users/trangle/Dropbox/2018/Udacity/CarND-Unscented-Kalman-Filter-Project/ide_profiles/xcode";
				USE_HEADERMAP = NO;
				WARNING_CFLAGS = ("-Wmost","-Wno-four-char-constants","-Wno-unknown-pragmas","$(inherited)");
			};
			name = Release;
		};
		53F559F02AB94C07BFAA46BD /* MinSizeRel */ = {
			isa = XCBuildConfiguration;
			buildSettings = {
				MACOSX_DEPLOYMENT_TARGET = 10.11;
				ONLY_ACTIVE_ARCH = YES;
				SDKROOT = /Users/trangle/Downloads/Xcode.app/Contents/Developer/Platforms/MacOSX.platform/Developer/SDKs/MacOSX10.12.sdk;
				SYMROOT = "/Users/trangle/Dropbox/2018/Udacity/CarND-Unscented-Kalman-Filter-Project/ide_profiles/xcode/build";
			};
			name = MinSizeRel;
		};
		7A615E54868D401E93C3C547 /* Release */ = {
			isa = XCBuildConfiguration;
			buildSettings = {
				COMBINE_HIDPI_IMAGES = YES;
				GCC_GENERATE_DEBUGGING_SYMBOLS = YES;
				GCC_INLINES_ARE_PRIVATE_EXTERN = NO;
				GCC_OPTIMIZATION_LEVEL = 0;
				GCC_PREPROCESSOR_DEFINITIONS = ("'CMAKE_INTDIR=\"$(CONFIGURATION)$(EFFECTIVE_PLATFORM_NAME)\"'");
				GCC_SYMBOLS_PRIVATE_EXTERN = NO;
				INSTALL_PATH = "";
				OTHER_LDFLAGS = " ";
				OTHER_REZFLAGS = "";
				PRODUCT_NAME = ALL_BUILD;
				SECTORDER_FLAGS = "";
				SYMROOT = "/Users/trangle/Dropbox/2018/Udacity/CarND-Unscented-Kalman-Filter-Project/ide_profiles/xcode";
				USE_HEADERMAP = NO;
				WARNING_CFLAGS = ("-Wmost","-Wno-four-char-constants","-Wno-unknown-pragmas","$(inherited)");
			};
			name = Release;
		};
		87C6A16FF7B84088A3D9745F /* MinSizeRel */ = {
			isa = XCBuildConfiguration;
			buildSettings = {
				COMBINE_HIDPI_IMAGES = YES;
				EXECUTABLE_PREFIX = "";
				EXECUTABLE_SUFFIX = "";
				GCC_GENERATE_DEBUGGING_SYMBOLS = NO;
				GCC_INLINES_ARE_PRIVATE_EXTERN = NO;
				GCC_OPTIMIZATION_LEVEL = s;
				GCC_PREPROCESSOR_DEFINITIONS = ("'CMAKE_INTDIR=\"$(CONFIGURATION)$(EFFECTIVE_PLATFORM_NAME)\"'");
				GCC_SYMBOLS_PRIVATE_EXTERN = NO;
				HEADER_SEARCH_PATHS = (/usr/local/include,/usr/local/opt/openssl/include);
				INSTALL_PATH = "";
				LD_RUNPATH_SEARCH_PATHS = "/usr/local/lib /usr/local/opt/openssl/lib /usr/local/Cellar/libuv/1*/lib";
				LIBRARY_SEARCH_PATHS = " /usr/local/lib/$(CONFIGURATION)$(EFFECTIVE_PLATFORM_NAME) /usr/local/lib /usr/local/opt/openssl/lib/$(CONFIGURATION)$(EFFECTIVE_PLATFORM_NAME) /usr/local/opt/openssl/lib /usr/local/Cellar/libuv/1*/lib/$(CONFIGURATION)$(EFFECTIVE_PLATFORM_NAME) /usr/local/Cellar/libuv/1*/lib";
				OTHER_CPLUSPLUSFLAGS = "-Wall     -DNDEBUG -I/usr/local/include -I/usr/local/opt/openssl/include    -std=c++11";
				OTHER_LDFLAGS = " -Wl,-search_paths_first -Wl,-headerpad_max_install_names  -lz -lssl -luv -luWS";
				OTHER_REZFLAGS = "";
				PRODUCT_NAME = UnscentedKF;
				SECTORDER_FLAGS = "";
				SYMROOT = "/Users/trangle/Dropbox/2018/Udacity/CarND-Unscented-Kalman-Filter-Project/ide_profiles/xcode";
				USE_HEADERMAP = NO;
				WARNING_CFLAGS = ("-Wmost","-Wno-four-char-constants","-Wno-unknown-pragmas","$(inherited)");
			};
			name = MinSizeRel;
		};
		8C7E215BAAA74461B7A1261D /* Debug */ = {
			isa = XCBuildConfiguration;
			buildSettings = {
				COMBINE_HIDPI_IMAGES = YES;
				GCC_GENERATE_DEBUGGING_SYMBOLS = YES;
				GCC_INLINES_ARE_PRIVATE_EXTERN = NO;
				GCC_OPTIMIZATION_LEVEL = 0;
				GCC_PREPROCESSOR_DEFINITIONS = ("'CMAKE_INTDIR=\"$(CONFIGURATION)$(EFFECTIVE_PLATFORM_NAME)\"'");
				GCC_SYMBOLS_PRIVATE_EXTERN = NO;
				INSTALL_PATH = "";
				OTHER_LDFLAGS = " ";
				OTHER_REZFLAGS = "";
				PRODUCT_NAME = ZERO_CHECK;
				SECTORDER_FLAGS = "";
				SYMROOT = "/Users/trangle/Dropbox/2018/Udacity/CarND-Unscented-Kalman-Filter-Project/ide_profiles/xcode";
				USE_HEADERMAP = NO;
				WARNING_CFLAGS = ("-Wmost","-Wno-four-char-constants","-Wno-unknown-pragmas","$(inherited)");
			};
			name = Debug;
		};
		A722C102419E49CE976C1A07 /* Release */ = {
			isa = XCBuildConfiguration;
			buildSettings = {
				COMBINE_HIDPI_IMAGES = YES;
				GCC_GENERATE_DEBUGGING_SYMBOLS = YES;
				GCC_INLINES_ARE_PRIVATE_EXTERN = NO;
				GCC_OPTIMIZATION_LEVEL = 0;
				GCC_PREPROCESSOR_DEFINITIONS = ("'CMAKE_INTDIR=\"$(CONFIGURATION)$(EFFECTIVE_PLATFORM_NAME)\"'");
				GCC_SYMBOLS_PRIVATE_EXTERN = NO;
				INSTALL_PATH = "";
				OTHER_LDFLAGS = " ";
				OTHER_REZFLAGS = "";
				PRODUCT_NAME = ZERO_CHECK;
				SECTORDER_FLAGS = "";
				SYMROOT = "/Users/trangle/Dropbox/2018/Udacity/CarND-Unscented-Kalman-Filter-Project/ide_profiles/xcode";
				USE_HEADERMAP = NO;
				WARNING_CFLAGS = ("-Wmost","-Wno-four-char-constants","-Wno-unknown-pragmas","$(inherited)");
			};
			name = Release;
		};
		BCAD7EC7C7BF45A8A26F6FF4 /* RelWithDebInfo */ = {
			isa = XCBuildConfiguration;
			buildSettings = {
				MACOSX_DEPLOYMENT_TARGET = 10.11;
				ONLY_ACTIVE_ARCH = YES;
				SDKROOT = /Users/trangle/Downloads/Xcode.app/Contents/Developer/Platforms/MacOSX.platform/Developer/SDKs/MacOSX10.12.sdk;
				SYMROOT = "/Users/trangle/Dropbox/2018/Udacity/CarND-Unscented-Kalman-Filter-Project/ide_profiles/xcode/build";
			};
			name = RelWithDebInfo;
		};
		F3AAC4FE61E340A0ABB4BAC0 /* RelWithDebInfo */ = {
			isa = XCBuildConfiguration;
			buildSettings = {
				COMBINE_HIDPI_IMAGES = YES;
				GCC_GENERATE_DEBUGGING_SYMBOLS = YES;
				GCC_INLINES_ARE_PRIVATE_EXTERN = NO;
				GCC_OPTIMIZATION_LEVEL = 0;
				GCC_PREPROCESSOR_DEFINITIONS = ("'CMAKE_INTDIR=\"$(CONFIGURATION)$(EFFECTIVE_PLATFORM_NAME)\"'");
				GCC_SYMBOLS_PRIVATE_EXTERN = NO;
				INSTALL_PATH = "";
				OTHER_LDFLAGS = " ";
				OTHER_REZFLAGS = "";
				PRODUCT_NAME = ALL_BUILD;
				SECTORDER_FLAGS = "";
				SYMROOT = "/Users/trangle/Dropbox/2018/Udacity/CarND-Unscented-Kalman-Filter-Project/ide_profiles/xcode";
				USE_HEADERMAP = NO;
				WARNING_CFLAGS = ("-Wmost","-Wno-four-char-constants","-Wno-unknown-pragmas","$(inherited)");
			};
			name = RelWithDebInfo;
		};
		F841D77DF912420F9E1A24F5 /* RelWithDebInfo */ = {
			isa = XCBuildConfiguration;
			buildSettings = {
				COMBINE_HIDPI_IMAGES = YES;
				EXECUTABLE_PREFIX = "";
				EXECUTABLE_SUFFIX = "";
				GCC_GENERATE_DEBUGGING_SYMBOLS = YES;
				GCC_INLINES_ARE_PRIVATE_EXTERN = NO;
				GCC_OPTIMIZATION_LEVEL = 2;
				GCC_PREPROCESSOR_DEFINITIONS = ("'CMAKE_INTDIR=\"$(CONFIGURATION)$(EFFECTIVE_PLATFORM_NAME)\"'");
				GCC_SYMBOLS_PRIVATE_EXTERN = NO;
				HEADER_SEARCH_PATHS = (/usr/local/include,/usr/local/opt/openssl/include);
				INSTALL_PATH = "";
				LD_RUNPATH_SEARCH_PATHS = "/usr/local/lib /usr/local/opt/openssl/lib /usr/local/Cellar/libuv/1*/lib";
				LIBRARY_SEARCH_PATHS = " /usr/local/lib/$(CONFIGURATION)$(EFFECTIVE_PLATFORM_NAME) /usr/local/lib /usr/local/opt/openssl/lib/$(CONFIGURATION)$(EFFECTIVE_PLATFORM_NAME) /usr/local/opt/openssl/lib /usr/local/Cellar/libuv/1*/lib/$(CONFIGURATION)$(EFFECTIVE_PLATFORM_NAME) /usr/local/Cellar/libuv/1*/lib";
				OTHER_CPLUSPLUSFLAGS = "-Wall        -DNDEBUG -I/usr/local/include -I/usr/local/opt/openssl/include    -std=c++11";
				OTHER_LDFLAGS = " -Wl,-search_paths_first -Wl,-headerpad_max_install_names  -lz -lssl -luv -luWS";
				OTHER_REZFLAGS = "";
				PRODUCT_NAME = UnscentedKF;
				SECTORDER_FLAGS = "";
				SYMROOT = "/Users/trangle/Dropbox/2018/Udacity/CarND-Unscented-Kalman-Filter-Project/ide_profiles/xcode";
				USE_HEADERMAP = NO;
				WARNING_CFLAGS = ("-Wmost","-Wno-four-char-constants","-Wno-unknown-pragmas","$(inherited)");
			};
			name = RelWithDebInfo;
		};
		F9DD044465984D27A6622FC8 /* MinSizeRel */ = {
			isa = XCBuildConfiguration;
			buildSettings = {
				COMBINE_HIDPI_IMAGES = YES;
				GCC_GENERATE_DEBUGGING_SYMBOLS = YES;
				GCC_INLINES_ARE_PRIVATE_EXTERN = NO;
				GCC_OPTIMIZATION_LEVEL = 0;
				GCC_PREPROCESSOR_DEFINITIONS = ("'CMAKE_INTDIR=\"$(CONFIGURATION)$(EFFECTIVE_PLATFORM_NAME)\"'");
				GCC_SYMBOLS_PRIVATE_EXTERN = NO;
				INSTALL_PATH = "";
				OTHER_LDFLAGS = " ";
				OTHER_REZFLAGS = "";
				PRODUCT_NAME = ZERO_CHECK;
				SECTORDER_FLAGS = "";
				SYMROOT = "/Users/trangle/Dropbox/2018/Udacity/CarND-Unscented-Kalman-Filter-Project/ide_profiles/xcode";
				USE_HEADERMAP = NO;
				WARNING_CFLAGS = ("-Wmost","-Wno-four-char-constants","-Wno-unknown-pragmas","$(inherited)");
			};
			name = MinSizeRel;
		};
		FCAE5315B2E54B9789A497AE /* Debug */ = {
			isa = XCBuildConfiguration;
			buildSettings = {
				COMBINE_HIDPI_IMAGES = YES;
				EXECUTABLE_PREFIX = "";
				EXECUTABLE_SUFFIX = "";
				GCC_GENERATE_DEBUGGING_SYMBOLS = YES;
				GCC_INLINES_ARE_PRIVATE_EXTERN = NO;
				GCC_OPTIMIZATION_LEVEL = 0;
				GCC_PREPROCESSOR_DEFINITIONS = ("'CMAKE_INTDIR=\"$(CONFIGURATION)$(EFFECTIVE_PLATFORM_NAME)\"'");
				GCC_SYMBOLS_PRIVATE_EXTERN = NO;
				HEADER_SEARCH_PATHS = (/usr/local/include,/usr/local/opt/openssl/include);
				INSTALL_PATH = "";
				LD_RUNPATH_SEARCH_PATHS = "/usr/local/lib /usr/local/opt/openssl/lib /usr/local/Cellar/libuv/1*/lib";
				LIBRARY_SEARCH_PATHS = " /usr/local/lib/$(CONFIGURATION)$(EFFECTIVE_PLATFORM_NAME) /usr/local/lib /usr/local/opt/openssl/lib/$(CONFIGURATION)$(EFFECTIVE_PLATFORM_NAME) /usr/local/opt/openssl/lib /usr/local/Cellar/libuv/1*/lib/$(CONFIGURATION)$(EFFECTIVE_PLATFORM_NAME) /usr/local/Cellar/libuv/1*/lib";
				OTHER_CPLUSPLUSFLAGS = "-Wall    -I/usr/local/include -I/usr/local/opt/openssl/include    -std=c++11";
				OTHER_LDFLAGS = " -Wl,-search_paths_first -Wl,-headerpad_max_install_names  -lz -lssl -luv -luWS";
				OTHER_REZFLAGS = "";
				PRODUCT_NAME = UnscentedKF;
				SECTORDER_FLAGS = "";
				SYMROOT = "/Users/trangle/Dropbox/2018/Udacity/CarND-Unscented-Kalman-Filter-Project/ide_profiles/xcode";
				USE_HEADERMAP = NO;
				WARNING_CFLAGS = ("-Wmost","-Wno-four-char-constants","-Wno-unknown-pragmas","$(inherited)");
			};
			name = Debug;
		};
/* End XCBuildConfiguration section */

/* Begin XCConfigurationList section */
		045B491FBD684888BC7AEDF2 /* Build configuration list for PBXAggregateTarget "ZERO_CHECK" */ = {
			isa = XCConfigurationList;
			buildConfigurations = (
				8C7E215BAAA74461B7A1261D /* Debug */,
				A722C102419E49CE976C1A07 /* Release */,
				F9DD044465984D27A6622FC8 /* MinSizeRel */,
				0721FCEA93A1414E82B0FEC6 /* RelWithDebInfo */,
			);
			defaultConfigurationIsVisible = 0;
			defaultConfigurationName = Debug;
		};
		4ECF2C9BA275411EAA025BFB /* Build configuration list for PBXProject "UnscentedKF" */ = {
			isa = XCConfigurationList;
			buildConfigurations = (
				29B9D14DD464409DB4747615 /* Debug */,
				34F34A7741C54F15B562FC52 /* Release */,
				53F559F02AB94C07BFAA46BD /* MinSizeRel */,
				BCAD7EC7C7BF45A8A26F6FF4 /* RelWithDebInfo */,
			);
			defaultConfigurationIsVisible = 0;
			defaultConfigurationName = Debug;
		};
		E1354E3CC4E64AE6AA88852F /* Build configuration list for PBXAggregateTarget "ALL_BUILD" */ = {
			isa = XCConfigurationList;
			buildConfigurations = (
				0A5DF674BE5C47B7AE5350DB /* Debug */,
				7A615E54868D401E93C3C547 /* Release */,
				1A34D5C9573D4BB299271095 /* MinSizeRel */,
				F3AAC4FE61E340A0ABB4BAC0 /* RelWithDebInfo */,
			);
			defaultConfigurationIsVisible = 0;
			defaultConfigurationName = Debug;
		};
		ECCA23400AA0475596DB2B9F /* Build configuration list for PBXNativeTarget "UnscentedKF" */ = {
			isa = XCConfigurationList;
			buildConfigurations = (
				FCAE5315B2E54B9789A497AE /* Debug */,
				3543AE452F4047EAB15CEF2E /* Release */,
				87C6A16FF7B84088A3D9745F /* MinSizeRel */,
				F841D77DF912420F9E1A24F5 /* RelWithDebInfo */,
			);
			defaultConfigurationIsVisible = 0;
			defaultConfigurationName = Debug;
		};
/* End XCConfigurationList section */
	};
	rootObject = FE112829613E4C16A6F8EEFC /* Project object */;
}
